
Microsoft Visual Studio Solution File, Format Version 12.00
# Visual Studio Version 17
VisualStudioVersion = 17.6.33829.357
MinimumVisualStudioVersion = 10.0.40219.1
Project("{9A19103F-16F7-4668-BE54-9A1E7A4F7556}") = "SocialMedia.API", "SocialMediaApp\SocialMedia.API.csproj", "{9F143351-9F12-40F8-8CE9-7CC7F3958E44}"
EndProject
Project("{9A19103F-16F7-4668-BE54-9A1E7A4F7556}") = "SocialMedia.Data", "SocialMedia.Data\SocialMedia.Data.csproj", "{349AE483-1736-449D-8AD1-B2DBFDB18035}"
EndProject
Project("{FAE04EC0-301F-11D3-BF4B-00C04F79EFBC}") = "SocialMedia.Abstractions", "SocialMedia.Abstractions\SocialMedia.Abstractions.csproj", "{A6E49AB2-7F6D-4AB0-A790-9EAB6FEB3A60}"
EndProject
Project("{FAE04EC0-301F-11D3-BF4B-00C04F79EFBC}") = "SocialMedia.Core", "SocialMedia.Core\SocialMedia.Core.csproj", "{074A8567-D82D-45C0-BF9B-D4905E2FDB7E}"
EndProject
Global
	GlobalSection(SolutionConfigurationPlatforms) = preSolution
		Debug|Any CPU = Debug|Any CPU
		Release|Any CPU = Release|Any CPU
	EndGlobalSection
	GlobalSection(ProjectConfigurationPlatforms) = postSolution
		{9F143351-9F12-40F8-8CE9-7CC7F3958E44}.Debug|Any CPU.ActiveCfg = Debug|Any CPU
		{9F143351-9F12-40F8-8CE9-7CC7F3958E44}.Debug|Any CPU.Build.0 = Debug|Any CPU
		{9F143351-9F12-40F8-8CE9-7CC7F3958E44}.Release|Any CPU.ActiveCfg = Release|Any CPU
		{9F143351-9F12-40F8-8CE9-7CC7F3958E44}.Release|Any CPU.Build.0 = Release|Any CPU
		{349AE483-1736-449D-8AD1-B2DBFDB18035}.Debug|Any CPU.ActiveCfg = Debug|Any CPU
		{349AE483-1736-449D-8AD1-B2DBFDB18035}.Debug|Any CPU.Build.0 = Debug|Any CPU
		{349AE483-1736-449D-8AD1-B2DBFDB18035}.Release|Any CPU.ActiveCfg = Release|Any CPU
		{349AE483-1736-449D-8AD1-B2DBFDB18035}.Release|Any CPU.Build.0 = Release|Any CPU
		{A6E49AB2-7F6D-4AB0-A790-9EAB6FEB3A60}.Debug|Any CPU.ActiveCfg = Debug|Any CPU
		{A6E49AB2-7F6D-4AB0-A790-9EAB6FEB3A60}.Debug|Any CPU.Build.0 = Debug|Any CPU
		{A6E49AB2-7F6D-4AB0-A790-9EAB6FEB3A60}.Release|Any CPU.ActiveCfg = Release|Any CPU
		{A6E49AB2-7F6D-4AB0-A790-9EAB6FEB3A60}.Release|Any CPU.Build.0 = Release|Any CPU
		{074A8567-D82D-45C0-BF9B-D4905E2FDB7E}.Debug|Any CPU.ActiveCfg = Debug|Any CPU
		{074A8567-D82D-45C0-BF9B-D4905E2FDB7E}.Debug|Any CPU.Build.0 = Debug|Any CPU
		{074A8567-D82D-45C0-BF9B-D4905E2FDB7E}.Release|Any CPU.ActiveCfg = Release|Any CPU
		{074A8567-D82D-45C0-BF9B-D4905E2FDB7E}.Release|Any CPU.Build.0 = Release|Any CPU
	EndGlobalSection
	GlobalSection(SolutionProperties) = preSolution
		HideSolutionNode = FALSE
	EndGlobalSection
	GlobalSection(ExtensibilityGlobals) = postSolution
		SolutionGuid = {AD17DDC8-08E1-43AD-8C52-EA02315CCDE6}
	EndGlobalSection
EndGlobal
